{
  "name": "CookAlong",
  "version": "0.1.0",
  "lockfileVersion": 1,
  "requires": true,
  "dependencies": {
    "react-speech-kit": {
      "version": "3.0.1",
      "resolved": "https://registry.npmjs.org/react-speech-kit/-/react-speech-kit-3.0.1.tgz",
      "integrity": "sha512-MXNOciISanhmnxpHJkBOev3M3NPDpW1T7nTc/eGw5pO9cXpoUccRxZkmr/IlpTPbPEneDNeTmbwri/YweyctZg=="
    },
    "react-speech-recognition": {
      "version": "3.2.3",
      "resolved": "https://registry.npmjs.org/react-speech-recognition/-/react-speech-recognition-3.2.3.tgz",
      "integrity": "sha512-xt6vVrJXZvXIp6W7dCAJTAVwNO1L0rN6BHvM3J5NkILYuhY403AkQsRb0NWSjkR6ZpaRhv7otFjD1r7x7h4HQA=="
    }
  }
}
